
Microsoft Visual Studio Solution File, Format Version 12.00
# Visual Studio Version 17
VisualStudioVersion = 17.6.33815.320
MinimumVisualStudioVersion = 10.0.40219.1
Project("{FAE04EC0-301F-11D3-BF4B-00C04F79EFBC}") = "Personal CF Tracker", "Personal CF Tracker\Personal CF Tracker.csproj", "{3209DB4F-3C78-4F91-8BBF-54E43966528B}"
EndProject
Global
	GlobalSection(SolutionConfigurationPlatforms) = preSolution
		Debug|Any CPU = Debug|Any CPU
		Release|Any CPU = Release|Any CPU
	EndGlobalSection
	GlobalSection(ProjectConfigurationPlatforms) = postSolution
		{3209DB4F-3C78-4F91-8BBF-54E43966528B}.Debug|Any CPU.ActiveCfg = Debug|Any CPU
		{3209DB4F-3C78-4F91-8BBF-54E43966528B}.Debug|Any CPU.Build.0 = Debug|Any CPU
		{3209DB4F-3C78-4F91-8BBF-54E43966528B}.Release|Any CPU.ActiveCfg = Release|Any CPU
		{3209DB4F-3C78-4F91-8BBF-54E43966528B}.Release|Any CPU.Build.0 = Release|Any CPU
	EndGlobalSection
	GlobalSection(SolutionProperties) = preSolution
		HideSolutionNode = FALSE
	EndGlobalSection
	GlobalSection(ExtensibilityGlobals) = postSolution
		SolutionGuid = {F0F036D9-F798-495E-8463-68433B9B9A4A}
	EndGlobalSection
EndGlobal
